<?xml version="1.0" encoding="utf-8"?>
<Project ToolsVersion="4.0" xmlns="http://schemas.microsoft.com/developer/msbuild/2003">
  <ItemGroup>
    <Filter Include="Source Files">
      <UniqueIdentifier>{4FC737F1-C7A5-4376-A066-2A32D752A2FF}</UniqueIdentifier>
      <Extensions>cpp;c;cc;cxx;c++;cppm;ixx;def;odl;idl;hpj;bat;asm;asmx</Extensions>
    </Filter>
    <Filter Include="Header Files">
      <UniqueIdentifier>{93995380-89BD-4b04-88EB-625FBE52EBFB}</UniqueIdentifier>
      <Extensions>h;hh;hpp;hxx;h++;hm;inl;inc;ipp;xsd</Extensions>
    </Filter>
    <Filter Include="Resource Files">
      <UniqueIdentifier>{67DA6AB6-F800-4c08-8B7A-83BB121AAD01}</UniqueIdentifier>
      <Extensions>rc;ico;cur;bmp;dlg;rc2;rct;bin;rgs;gif;jpg;jpeg;jpe;resx;tiff;tif;png;wav;mfcribbon-ms</Extensions>
    </Filter>
  </ItemGroup>
  <ItemGroup>
    <ClCompile Include="NotionoProject.cpp">
      <Filter>Source Files</Filter>
    </ClCompile>
    <ClCompile Include="User.cpp">
      <Filter>Source Files</Filter>
    </ClCompile>
    <ClCompile Include="NotinOOP.cpp">
      <Filter>Source Files</Filter>
    </ClCompile>
    <ClCompile Include="Customer.cpp">
      <Filter>Source Files</Filter>
    </ClCompile>
    <ClCompile Include="Discount.cpp">
      <Filter>Source Files</Filter>
    </ClCompile>
    <ClCompile Include="Fragrance.cpp">
      <Filter>Source Files</Filter>
    </ClCompile>
    <ClCompile Include="Review.cpp">
      <Filter>Source Files</Filter>
    </ClCompile>
    <ClCompile Include="Admin.cpp">
      <Filter>Source Files</Filter>
    </ClCompile>
    <ClCompile Include="Purchase.cpp">
      <Filter>Source Files</Filter>
    </ClCompile>
    <ClCompile Include="Condition.h">
      <Filter>Header Files</Filter>
    </ClCompile>
    <ClCompile Include="Cart.cpp">
      <Filter>Source Files</Filter>
    </ClCompile>
    <ClCompile Include="BonusDiscount.cpp">
      <Filter>Source Files</Filter>
    </ClCompile>
    <ClCompile Include="BrandDiscount.cpp">
      <Filter>Source Files</Filter>
    </ClCompile>
    <ClCompile Include="BlockUserCommand.cpp">
      <Filter>Source Files</Filter>
    </ClCompile>
    <ClCompile Include="CreateFragranceCommand.cpp">
      <Filter>Source Files</Filter>
    </ClCompile>
    <ClCompile Include="AddQuantityCommand.cpp">
      <Filter>Source Files</Filter>
    </ClCompile>
    <ClCompile Include="DeliverCommand.cpp">
      <Filter>Source Files</Filter>
    </ClCompile>
    <ClCompile Include="RemoveReviewCommand.cpp">
      <Filter>Source Files</Filter>
    </ClCompile>
    <ClCompile Include="AddToBalanceCommand.cpp">
      <Filter>Source Files</Filter>
    </ClCompile>
    <ClCompile Include="AddToCartCommand.cpp">
      <Filter>Source Files</Filter>
    </ClCompile>
    <ClCompile Include="RemoveFromCartCommand.cpp">
      <Filter>Source Files</Filter>
    </ClCompile>
    <ClCompile Include="AddToWishlistCommand.cpp">
      <Filter>Source Files</Filter>
    </ClCompile>
    <ClCompile Include="RemoveFromWishlistCommand.cpp">
      <Filter>Source Files</Filter>
    </ClCompile>
    <ClCompile Include="ViewCartCommand.cpp">
      <Filter>Source Files</Filter>
    </ClCompile>
    <ClCompile Include="CheckoutCommand.cpp">
      <Filter>Source Files</Filter>
    </ClCompile>
    <ClCompile Include="RecommendCommand.cpp">
      <Filter>Source Files</Filter>
    </ClCompile>
    <ClCompile Include="CancelPurchaseCommand.cpp">
      <Filter>Source Files</Filter>
    </ClCompile>
    <ClCompile Include="MakeReviewCommand.cpp">
      <Filter>Source Files</Filter>
    </ClCompile>
    <ClCompile Include="ViewBoughtCommand.cpp">
      <Filter>Source Files</Filter>
    </ClCompile>
    <ClCompile Include="ViewPurchasesCommand.cpp">
      <Filter>Source Files</Filter>
    </ClCompile>
  </ItemGroup>
  <ItemGroup>
    <ClInclude Include="User.h">
      <Filter>Header Files</Filter>
    </ClInclude>
    <ClInclude Include="NotinOOP.h">
      <Filter>Header Files</Filter>
    </ClInclude>
    <ClInclude Include="Customer.h">
      <Filter>Header Files</Filter>
    </ClInclude>
    <ClInclude Include="Discount.h">
      <Filter>Header Files</Filter>
    </ClInclude>
    <ClInclude Include="Fragrance.h">
      <Filter>Header Files</Filter>
    </ClInclude>
    <ClInclude Include="Review.h">
      <Filter>Header Files</Filter>
    </ClInclude>
    <ClInclude Include="Admin.h">
      <Filter>Header Files</Filter>
    </ClInclude>
    <ClInclude Include="Purchase.h">
      <Filter>Header Files</Filter>
    </ClInclude>
    <ClInclude Include="Cart.h">
      <Filter>Header Files</Filter>
    </ClInclude>
    <ClInclude Include="BonusDiscount.h">
      <Filter>Header Files</Filter>
    </ClInclude>
    <ClInclude Include="BrandDiscount.h">
      <Filter>Header Files</Filter>
    </ClInclude>
    <ClInclude Include="IComand.h">
      <Filter>Header Files</Filter>
    </ClInclude>
    <ClInclude Include="BlockUserCommand.h">
      <Filter>Header Files</Filter>
    </ClInclude>
    <ClInclude Include="CreateFragranceCommand.h">
      <Filter>Header Files</Filter>
    </ClInclude>
    <ClInclude Include="AddQuantityCommand.h">
      <Filter>Header Files</Filter>
    </ClInclude>
    <ClInclude Include="DeliverCommand.h">
      <Filter>Header Files</Filter>
    </ClInclude>
    <ClInclude Include="RemoveReviewCommand.h">
      <Filter>Header Files</Filter>
    </ClInclude>
    <ClInclude Include="AddToBalanceCommand.h">
      <Filter>Header Files</Filter>
    </ClInclude>
    <ClInclude Include="AddToCartCommand.h">
      <Filter>Header Files</Filter>
    </ClInclude>
    <ClInclude Include="RemoveFromCartCommand.h">
      <Filter>Header Files</Filter>
    </ClInclude>
    <ClInclude Include="AddToWishlistCommand.h">
      <Filter>Header Files</Filter>
    </ClInclude>
    <ClInclude Include="RemoveFromWishlistCommand.h">
      <Filter>Header Files</Filter>
    </ClInclude>
    <ClInclude Include="ViewCartCommand.h">
      <Filter>Header Files</Filter>
    </ClInclude>
    <ClInclude Include="CheckoutCommand.h">
      <Filter>Header Files</Filter>
    </ClInclude>
    <ClInclude Include="RecommendCommand.h">
      <Filter>Header Files</Filter>
    </ClInclude>
    <ClInclude Include="CancelPurchaseCommand.h">
      <Filter>Header Files</Filter>
    </ClInclude>
    <ClInclude Include="MakeReviewCommand.h">
      <Filter>Header Files</Filter>
    </ClInclude>
    <ClInclude Include="ViewBoughtCommand.h">
      <Filter>Header Files</Filter>
    </ClInclude>
    <ClInclude Include="ViewPurchasesCommand.h">
      <Filter>Header Files</Filter>
    </ClInclude>
  </ItemGroup>
</Project>